// !$*UTF8*$!
{
	archiveVersion = 1;
	classes = {
	};
	objectVersion = 50;
	objects = {

/* Begin PBXBuildFile section */
		3BA7B49E22BF1C550095FAFB /* AppDelegate.swift in Sources */ = {isa = PBXBuildFile; fileRef = 3BA7B49D22BF1C550095FAFB /* AppDelegate.swift */; };
		3BA7B4A022BF1C550095FAFB /* ViewController.swift in Sources */ = {isa = PBXBuildFile; fileRef = 3BA7B49F22BF1C550095FAFB /* ViewController.swift */; };
		3BA7B4A322BF1C550095FAFB /* Main.storyboard in Resources */ = {isa = PBXBuildFile; fileRef = 3BA7B4A122BF1C550095FAFB /* Main.storyboard */; };
		3BA7B4A522BF1C570095FAFB /* Assets.xcassets in Resources */ = {isa = PBXBuildFile; fileRef = 3BA7B4A422BF1C570095FAFB /* Assets.xcassets */; };
		3BA7B4A822BF1C570095FAFB /* LaunchScreen.storyboard in Resources */ = {isa = PBXBuildFile; fileRef = 3BA7B4A622BF1C570095FAFB /* LaunchScreen.storyboard */; };
		3BA7B4B322BF1C570095FAFB /* PersonalAPPTests.swift in Sources */ = {isa = PBXBuildFile; fileRef = 3BA7B4B222BF1C570095FAFB /* PersonalAPPTests.swift */; };
		3BA7B4BE22BF1C570095FAFB /* PersonalAPPUITests.swift in Sources */ = {isa = PBXBuildFile; fileRef = 3BA7B4BD22BF1C570095FAFB /* PersonalAPPUITests.swift */; };
		60B545D022C07CE700A09BFC /* BaseViewController.swift in Sources */ = {isa = PBXBuildFile; fileRef = 60B545CF22C07CE700A09BFC /* BaseViewController.swift */; };
		60B545D222C07D0A00A09BFC /* HomeViewController.swift in Sources */ = {isa = PBXBuildFile; fileRef = 60B545D122C07D0A00A09BFC /* HomeViewController.swift */; };
		60B545D422C07DC900A09BFC /* BaseNavigationController.swift in Sources */ = {isa = PBXBuildFile; fileRef = 60B545D322C07DC900A09BFC /* BaseNavigationController.swift */; };
		60B545DA22C09AA700A09BFC /* MemoListController.swift in Sources */ = {isa = PBXBuildFile; fileRef = 60B545D922C09AA700A09BFC /* MemoListController.swift */; };
		60B545DC22C09AB900A09BFC /* MemoDetailController.swift in Sources */ = {isa = PBXBuildFile; fileRef = 60B545DB22C09AB900A09BFC /* MemoDetailController.swift */; };
/* End PBXBuildFile section */

/* Begin PBXContainerItemProxy section */
		3BA7B4AF22BF1C570095FAFB /* PBXContainerItemProxy */ = {
			isa = PBXContainerItemProxy;
			containerPortal = 3BA7B49222BF1C550095FAFB /* Project object */;
			proxyType = 1;
			remoteGlobalIDString = 3BA7B49922BF1C550095FAFB;
			remoteInfo = PersonalAPP;
		};
		3BA7B4BA22BF1C570095FAFB /* PBXContainerItemProxy */ = {
			isa = PBXContainerItemProxy;
			containerPortal = 3BA7B49222BF1C550095FAFB /* Project object */;
			proxyType = 1;
			remoteGlobalIDString = 3BA7B49922BF1C550095FAFB;
			remoteInfo = PersonalAPP;
		};
/* End PBXContainerItemProxy section */

/* Begin PBXFileReference section */
		3BA7B49A22BF1C550095FAFB /* PersonalAPP.app */ = {isa = PBXFileReference; explicitFileType = wrapper.application; includeInIndex = 0; path = PersonalAPP.app; sourceTree = BUILT_PRODUCTS_DIR; };
		3BA7B49D22BF1C550095FAFB /* AppDelegate.swift */ = {isa = PBXFileReference; lastKnownFileType = sourcecode.swift; path = AppDelegate.swift; sourceTree = "<group>"; };
		3BA7B49F22BF1C550095FAFB /* ViewController.swift */ = {isa = PBXFileReference; lastKnownFileType = sourcecode.swift; path = ViewController.swift; sourceTree = "<group>"; };
		3BA7B4A222BF1C550095FAFB /* Base */ = {isa = PBXFileReference; lastKnownFileType = file.storyboard; name = Base; path = Base.lproj/Main.storyboard; sourceTree = "<group>"; };
		3BA7B4A422BF1C570095FAFB /* Assets.xcassets */ = {isa = PBXFileReference; lastKnownFileType = folder.assetcatalog; path = Assets.xcassets; sourceTree = "<group>"; };
		3BA7B4A722BF1C570095FAFB /* Base */ = {isa = PBXFileReference; lastKnownFileType = file.storyboard; name = Base; path = Base.lproj/LaunchScreen.storyboard; sourceTree = "<group>"; };
		3BA7B4A922BF1C570095FAFB /* Info.plist */ = {isa = PBXFileReference; lastKnownFileType = text.plist.xml; path = Info.plist; sourceTree = "<group>"; };
		3BA7B4AE22BF1C570095FAFB /* PersonalAPPTests.xctest */ = {isa = PBXFileReference; explicitFileType = wrapper.cfbundle; includeInIndex = 0; path = PersonalAPPTests.xctest; sourceTree = BUILT_PRODUCTS_DIR; };
		3BA7B4B222BF1C570095FAFB /* PersonalAPPTests.swift */ = {isa = PBXFileReference; lastKnownFileType = sourcecode.swift; path = PersonalAPPTests.swift; sourceTree = "<group>"; };
		3BA7B4B422BF1C570095FAFB /* Info.plist */ = {isa = PBXFileReference; lastKnownFileType = text.plist.xml; path = Info.plist; sourceTree = "<group>"; };
		3BA7B4B922BF1C570095FAFB /* PersonalAPPUITests.xctest */ = {isa = PBXFileReference; explicitFileType = wrapper.cfbundle; includeInIndex = 0; path = PersonalAPPUITests.xctest; sourceTree = BUILT_PRODUCTS_DIR; };
		3BA7B4BD22BF1C570095FAFB /* PersonalAPPUITests.swift */ = {isa = PBXFileReference; lastKnownFileType = sourcecode.swift; path = PersonalAPPUITests.swift; sourceTree = "<group>"; };
		3BA7B4BF22BF1C570095FAFB /* Info.plist */ = {isa = PBXFileReference; lastKnownFileType = text.plist.xml; path = Info.plist; sourceTree = "<group>"; };
		60B545CF22C07CE700A09BFC /* BaseViewController.swift */ = {isa = PBXFileReference; lastKnownFileType = sourcecode.swift; path = BaseViewController.swift; sourceTree = "<group>"; };
		60B545D122C07D0A00A09BFC /* HomeViewController.swift */ = {isa = PBXFileReference; lastKnownFileType = sourcecode.swift; path = HomeViewController.swift; sourceTree = "<group>"; };
		60B545D322C07DC900A09BFC /* BaseNavigationController.swift */ = {isa = PBXFileReference; lastKnownFileType = sourcecode.swift; path = BaseNavigationController.swift; sourceTree = "<group>"; };
		60B545D922C09AA700A09BFC /* MemoListController.swift */ = {isa = PBXFileReference; lastKnownFileType = sourcecode.swift; path = MemoListController.swift; sourceTree = "<group>"; };
		60B545DB22C09AB900A09BFC /* MemoDetailController.swift */ = {isa = PBXFileReference; lastKnownFileType = sourcecode.swift; path = MemoDetailController.swift; sourceTree = "<group>"; };
/* End PBXFileReference section */

/* Begin PBXFrameworksBuildPhase section */
		3BA7B49722BF1C550095FAFB /* Frameworks */ = {
			isa = PBXFrameworksBuildPhase;
			buildActionMask = 2147483647;
			files = (
			);
			runOnlyForDeploymentPostprocessing = 0;
		};
		3BA7B4AB22BF1C570095FAFB /* Frameworks */ = {
			isa = PBXFrameworksBuildPhase;
			buildActionMask = 2147483647;
			files = (
			);
			runOnlyForDeploymentPostprocessing = 0;
		};
		3BA7B4B622BF1C570095FAFB /* Frameworks */ = {
			isa = PBXFrameworksBuildPhase;
			buildActionMask = 2147483647;
			files = (
			);
			runOnlyForDeploymentPostprocessing = 0;
		};
/* End PBXFrameworksBuildPhase section */

/* Begin PBXGroup section */
		3BA7B49122BF1C550095FAFB = {
			isa = PBXGroup;
			children = (
				3BA7B49C22BF1C550095FAFB /* PersonalAPP */,
				3BA7B4B122BF1C570095FAFB /* PersonalAPPTests */,
				3BA7B4BC22BF1C570095FAFB /* PersonalAPPUITests */,
				3BA7B49B22BF1C550095FAFB /* Products */,
			);
			sourceTree = "<group>";
		};
		3BA7B49B22BF1C550095FAFB /* Products */ = {
			isa = PBXGroup;
			children = (
				3BA7B49A22BF1C550095FAFB /* PersonalAPP.app */,
				3BA7B4AE22BF1C570095FAFB /* PersonalAPPTests.xctest */,
				3BA7B4B922BF1C570095FAFB /* PersonalAPPUITests.xctest */,
			);
			name = Products;
			sourceTree = "<group>";
		};
		3BA7B49C22BF1C550095FAFB /* PersonalAPP */ = {
			isa = PBXGroup;
			children = (
				3BA7B49D22BF1C550095FAFB /* AppDelegate.swift */,
				3BA7B49F22BF1C550095FAFB /* ViewController.swift */,
				60B545C722C070FA00A09BFC /* Module */,
				60B545C822C078CF00A09BFC /* Utility */,
				3BA7B4A122BF1C550095FAFB /* Main.storyboard */,
				3BA7B4A422BF1C570095FAFB /* Assets.xcassets */,
				3BA7B4A622BF1C570095FAFB /* LaunchScreen.storyboard */,
				3BA7B4A922BF1C570095FAFB /* Info.plist */,
			);
			path = PersonalAPP;
			sourceTree = "<group>";
		};
		3BA7B4B122BF1C570095FAFB /* PersonalAPPTests */ = {
			isa = PBXGroup;
			children = (
				3BA7B4B222BF1C570095FAFB /* PersonalAPPTests.swift */,
				3BA7B4B422BF1C570095FAFB /* Info.plist */,
			);
			path = PersonalAPPTests;
			sourceTree = "<group>";
		};
		3BA7B4BC22BF1C570095FAFB /* PersonalAPPUITests */ = {
			isa = PBXGroup;
			children = (
				3BA7B4BD22BF1C570095FAFB /* PersonalAPPUITests.swift */,
				3BA7B4BF22BF1C570095FAFB /* Info.plist */,
			);
			path = PersonalAPPUITests;
			sourceTree = "<group>";
		};
		60B545C722C070FA00A09BFC /* Module */ = {
			isa = PBXGroup;
			children = (
				60B545C922C0790200A09BFC /* Home */,
				60B545D522C0995200A09BFC /* Memo */,
			);
			path = Module;
			sourceTree = "<group>";
		};
		60B545C822C078CF00A09BFC /* Utility */ = {
			isa = PBXGroup;
			children = (
				60B545CE22C07B8600A09BFC /* Base */,
			);
			path = Utility;
			sourceTree = "<group>";
		};
		60B545C922C0790200A09BFC /* Home */ = {
			isa = PBXGroup;
			children = (
				60B545CD22C07AB400A09BFC /* Controller */,
				60B545CC22C07AAD00A09BFC /* View */,
				60B545CB22C07AA600A09BFC /* Model */,
			);
			path = Home;
			sourceTree = "<group>";
		};
		60B545CB22C07AA600A09BFC /* Model */ = {
			isa = PBXGroup;
			children = (
			);
			path = Model;
			sourceTree = "<group>";
		};
		60B545CC22C07AAD00A09BFC /* View */ = {
			isa = PBXGroup;
			children = (
			);
			path = View;
			sourceTree = "<group>";
		};
		60B545CD22C07AB400A09BFC /* Controller */ = {
			isa = PBXGroup;
			children = (
				60B545D122C07D0A00A09BFC /* HomeViewController.swift */,
			);
			path = Controller;
			sourceTree = "<group>";
		};
		60B545CE22C07B8600A09BFC /* Base */ = {
			isa = PBXGroup;
			children = (
				60B545CF22C07CE700A09BFC /* BaseViewController.swift */,
				60B545D322C07DC900A09BFC /* BaseNavigationController.swift */,
			);
			path = Base;
			sourceTree = "<group>";
		};
		60B545D522C0995200A09BFC /* Memo */ = {
			isa = PBXGroup;
			children = (
				60B545D822C099B200A09BFC /* Controller */,
				60B545D722C099A600A09BFC /* View */,
				60B545D622C0999F00A09BFC /* Model */,
			);
			path = Memo;
			sourceTree = "<group>";
		};
		60B545D622C0999F00A09BFC /* Model */ = {
			isa = PBXGroup;
			children = (
			);
			path = Model;
			sourceTree = "<group>";
		};
		60B545D722C099A600A09BFC /* View */ = {
			isa = PBXGroup;
			children = (
			);
			path = View;
			sourceTree = "<group>";
		};
		60B545D822C099B200A09BFC /* Controller */ = {
			isa = PBXGroup;
			children = (
				60B545D922C09AA700A09BFC /* MemoListController.swift */,
				60B545DB22C09AB900A09BFC /* MemoDetailController.swift */,
			);
			path = Controller;
			sourceTree = "<group>";
		};
/* End PBXGroup section */

/* Begin PBXNativeTarget section */
		3BA7B49922BF1C550095FAFB /* PersonalAPP */ = {
			isa = PBXNativeTarget;
			buildConfigurationList = 3BA7B4C222BF1C570095FAFB /* Build configuration list for PBXNativeTarget "PersonalAPP" */;
			buildPhases = (
				3BA7B49622BF1C550095FAFB /* Sources */,
				3BA7B49722BF1C550095FAFB /* Frameworks */,
				3BA7B49822BF1C550095FAFB /* Resources */,
			);
			buildRules = (
			);
			dependencies = (
			);
			name = PersonalAPP;
			productName = PersonalAPP;
			productReference = 3BA7B49A22BF1C550095FAFB /* PersonalAPP.app */;
			productType = "com.apple.product-type.application";
		};
		3BA7B4AD22BF1C570095FAFB /* PersonalAPPTests */ = {
			isa = PBXNativeTarget;
			buildConfigurationList = 3BA7B4C522BF1C570095FAFB /* Build configuration list for PBXNativeTarget "PersonalAPPTests" */;
			buildPhases = (
				3BA7B4AA22BF1C570095FAFB /* Sources */,
				3BA7B4AB22BF1C570095FAFB /* Frameworks */,
				3BA7B4AC22BF1C570095FAFB /* Resources */,
			);
			buildRules = (
			);
			dependencies = (
				3BA7B4B022BF1C570095FAFB /* PBXTargetDependency */,
			);
			name = PersonalAPPTests;
			productName = PersonalAPPTests;
			productReference = 3BA7B4AE22BF1C570095FAFB /* PersonalAPPTests.xctest */;
			productType = "com.apple.product-type.bundle.unit-test";
		};
		3BA7B4B822BF1C570095FAFB /* PersonalAPPUITests */ = {
			isa = PBXNativeTarget;
			buildConfigurationList = 3BA7B4C822BF1C570095FAFB /* Build configuration list for PBXNativeTarget "PersonalAPPUITests" */;
			buildPhases = (
				3BA7B4B522BF1C570095FAFB /* Sources */,
				3BA7B4B622BF1C570095FAFB /* Frameworks */,
				3BA7B4B722BF1C570095FAFB /* Resources */,
			);
			buildRules = (
			);
			dependencies = (
				3BA7B4BB22BF1C570095FAFB /* PBXTargetDependency */,
			);
			name = PersonalAPPUITests;
			productName = PersonalAPPUITests;
			productReference = 3BA7B4B922BF1C570095FAFB /* PersonalAPPUITests.xctest */;
			productType = "com.apple.product-type.bundle.ui-testing";
		};
/* End PBXNativeTarget section */

/* Begin PBXProject section */
		3BA7B49222BF1C550095FAFB /* Project object */ = {
			isa = PBXProject;
			attributes = {
				LastSwiftUpdateCheck = 1010;
				LastUpgradeCheck = 1010;
				ORGANIZATIONNAME = PANSIR;
				TargetAttributes = {
					3BA7B49922BF1C550095FAFB = {
						CreatedOnToolsVersion = 10.1;
						LastSwiftMigration = 1020;
					};
					3BA7B4AD22BF1C570095FAFB = {
						CreatedOnToolsVersion = 10.1;
						LastSwiftMigration = 1020;
						TestTargetID = 3BA7B49922BF1C550095FAFB;
					};
					3BA7B4B822BF1C570095FAFB = {
						CreatedOnToolsVersion = 10.1;
						LastSwiftMigration = 1020;
						TestTargetID = 3BA7B49922BF1C550095FAFB;
					};
				};
			};
			buildConfigurationList = 3BA7B49522BF1C550095FAFB /* Build configuration list for PBXProject "PersonalAPP" */;
			compatibilityVersion = "Xcode 9.3";
			developmentRegion = en;
			hasScannedForEncodings = 0;
			knownRegions = (
				en,
				Base,
			);
			mainGroup = 3BA7B49122BF1C550095FAFB;
			productRefGroup = 3BA7B49B22BF1C550095FAFB /* Products */;
			projectDirPath = "";
			projectRoot = "";
			targets = (
				3BA7B49922BF1C550095FAFB /* PersonalAPP */,
				3BA7B4AD22BF1C570095FAFB /* PersonalAPPTests */,
				3BA7B4B822BF1C570095FAFB /* PersonalAPPUITests */,
			);
		};
/* End PBXProject section */

/* Begin PBXResourcesBuildPhase section */
		3BA7B49822BF1C550095FAFB /* Resources */ = {
			isa = PBXResourcesBuildPhase;
			buildActionMask = 2147483647;
			files = (
				3BA7B4A822BF1C570095FAFB /* LaunchScreen.storyboard in Resources */,
				3BA7B4A522BF1C570095FAFB /* Assets.xcassets in Resources */,
				3BA7B4A322BF1C550095FAFB /* Main.storyboard in Resources */,
			);
			runOnlyForDeploymentPostprocessing = 0;
		};
		3BA7B4AC22BF1C570095FAFB /* Resources */ = {
			isa = PBXResourcesBuildPhase;
			buildActionMask = 2147483647;
			files = (
			);
			runOnlyForDeploymentPostprocessing = 0;
		};
		3BA7B4B722BF1C570095FAFB /* Resources */ = {
			isa = PBXResourcesBuildPhase;
			buildActionMask = 2147483647;
			files = (
			);
			runOnlyForDeploymentPostprocessing = 0;
		};
/* End PBXResourcesBuildPhase section */

/* Begin PBXSourcesBuildPhase section */
		3BA7B49622BF1C550095FAFB /* Sources */ = {
			isa = PBXSourcesBuildPhase;
			buildActionMask = 2147483647;
			files = (
				3BA7B4A022BF1C550095FAFB /* ViewController.swift in Sources */,
				60B545DA22C09AA700A09BFC /* MemoListController.swift in Sources */,
				60B545DC22C09AB900A09BFC /* MemoDetailController.swift in Sources */,
				3BA7B49E22BF1C550095FAFB /* AppDelegate.swift in Sources */,
				60B545D022C07CE700A09BFC /* BaseViewController.swift in Sources */,
				60B545D422C07DC900A09BFC /* BaseNavigationController.swift in Sources */,
				60B545D222C07D0A00A09BFC /* HomeViewController.swift in Sources */,
			);
			runOnlyForDeploymentPostprocessing = 0;
		};
		3BA7B4AA22BF1C570095FAFB /* Sources */ = {
			isa = PBXSourcesBuildPhase;
			buildActionMask = 2147483647;
			files = (
				3BA7B4B322BF1C570095FAFB /* PersonalAPPTests.swift in Sources */,
			);
			runOnlyForDeploymentPostprocessing = 0;
		};
		3BA7B4B522BF1C570095FAFB /* Sources */ = {
			isa = PBXSourcesBuildPhase;
			buildActionMask = 2147483647;
			files = (
				3BA7B4BE22BF1C570095FAFB /* PersonalAPPUITests.swift in Sources */,
			);
			runOnlyForDeploymentPostprocessing = 0;
		};
/* End PBXSourcesBuildPhase section */

/* Begin PBXTargetDependency section */
		3BA7B4B022BF1C570095FAFB /* PBXTargetDependency */ = {
			isa = PBXTargetDependency;
			target = 3BA7B49922BF1C550095FAFB /* PersonalAPP */;
			targetProxy = 3BA7B4AF22BF1C570095FAFB /* PBXContainerItemProxy */;
		};
		3BA7B4BB22BF1C570095FAFB /* PBXTargetDependency */ = {
			isa = PBXTargetDependency;
			target = 3BA7B49922BF1C550095FAFB /* PersonalAPP */;
			targetProxy = 3BA7B4BA22BF1C570095FAFB /* PBXContainerItemProxy */;
		};
/* End PBXTargetDependency section */

/* Begin PBXVariantGroup section */
		3BA7B4A122BF1C550095FAFB /* Main.storyboard */ = {
			isa = PBXVariantGroup;
			children = (
				3BA7B4A222BF1C550095FAFB /* Base */,
			);
			name = Main.storyboard;
			sourceTree = "<group>";
		};
		3BA7B4A622BF1C570095FAFB /* LaunchScreen.storyboard */ = {
			isa = PBXVariantGroup;
			children = (
				3BA7B4A722BF1C570095FAFB /* Base */,
			);
			name = LaunchScreen.storyboard;
			sourceTree = "<group>";
		};
/* End PBXVariantGroup section */

/* Begin XCBuildConfiguration section */
		3BA7B4C022BF1C570095FAFB /* Debug */ = {
			isa = XCBuildConfiguration;
			buildSettings = {
				ALWAYS_SEARCH_USER_PATHS = NO;
				CLANG_ANALYZER_NONNULL = YES;
				CLANG_ANALYZER_NUMBER_OBJECT_CONVERSION = YES_AGGRESSIVE;
				CLANG_CXX_LANGUAGE_STANDARD = "gnu++14";
				CLANG_CXX_LIBRARY = "libc++";
				CLANG_ENABLE_MODULES = YES;
				CLANG_ENABLE_OBJC_ARC = YES;
				CLANG_ENABLE_OBJC_WEAK = YES;
				CLANG_WARN_BLOCK_CAPTURE_AUTORELEASING = YES;
				CLANG_WARN_BOOL_CONVERSION = YES;
				CLANG_WARN_COMMA = YES;
				CLANG_WARN_CONSTANT_CONVERSION = YES;
				CLANG_WARN_DEPRECATED_OBJC_IMPLEMENTATIONS = YES;
				CLANG_WARN_DIRECT_OBJC_ISA_USAGE = YES_ERROR;
				CLANG_WARN_DOCUMENTATION_COMMENTS = YES;
				CLANG_WARN_EMPTY_BODY = YES;
				CLANG_WARN_ENUM_CONVERSION = YES;
				CLANG_WARN_INFINITE_RECURSION = YES;
				CLANG_WARN_INT_CONVERSION = YES;
				CLANG_WARN_NON_LITERAL_NULL_CONVERSION = YES;
				CLANG_WARN_OBJC_IMPLICIT_RETAIN_SELF = YES;
				CLANG_WARN_OBJC_LITERAL_CONVERSION = YES;
				CLANG_WARN_OBJC_ROOT_CLASS = YES_ERROR;
				CLANG_WARN_RANGE_LOOP_ANALYSIS = YES;
				CLANG_WARN_STRICT_PROTOTYPES = YES;
				CLANG_WARN_SUSPICIOUS_MOVE = YES;
				CLANG_WARN_UNGUARDED_AVAILABILITY = YES_AGGRESSIVE;
				CLANG_WARN_UNREACHABLE_CODE = YES;
				CLANG_WARN__DUPLICATE_METHOD_MATCH = YES;
				CODE_SIGN_IDENTITY = "iPhone Developer";
				COPY_PHASE_STRIP = NO;
				DEBUG_INFORMATION_FORMAT = dwarf;
				ENABLE_STRICT_OBJC_MSGSEND = YES;
				ENABLE_TESTABILITY = YES;
				GCC_C_LANGUAGE_STANDARD = gnu11;
				GCC_DYNAMIC_NO_PIC = NO;
				GCC_NO_COMMON_BLOCKS = YES;
				GCC_OPTIMIZATION_LEVEL = 0;
				GCC_PREPROCESSOR_DEFINITIONS = (
					"DEBUG=1",
					"$(inherited)",
				);
				GCC_WARN_64_TO_32_BIT_CONVERSION = YES;
				GCC_WARN_ABOUT_RETURN_TYPE = YES_ERROR;
				GCC_WARN_UNDECLARED_SELECTOR = YES;
				GCC_WARN_UNINITIALIZED_AUTOS = YES_AGGRESSIVE;
				GCC_WARN_UNUSED_FUNCTION = YES;
				GCC_WARN_UNUSED_VARIABLE = YES;
				IPHONEOS_DEPLOYMENT_TARGET = 12.1;
				MTL_ENABLE_DEBUG_INFO = INCLUDE_SOURCE;
				MTL_FAST_MATH = YES;
				ONLY_ACTIVE_ARCH = YES;
				SDKROOT = iphoneos;
				SWIFT_ACTIVE_COMPILATION_CONDITIONS = DEBUG;
				SWIFT_OPTIMIZATION_LEVEL = "-Onone";
			};
			name = Debug;
		};
		3BA7B4C122BF1C570095FAFB /* Release */ = {
			isa = XCBuildConfiguration;
			buildSettings = {
				ALWAYS_SEARCH_USER_PATHS = NO;
				CLANG_ANALYZER_NONNULL = YES;
				CLANG_ANALYZER_NUMBER_OBJECT_CONVERSION = YES_AGGRESSIVE;
				CLANG_CXX_LANGUAGE_STANDARD = "gnu++14";
				CLANG_CXX_LIBRARY = "libc++";
				CLANG_ENABLE_MODULES = YES;
				CLANG_ENABLE_OBJC_ARC = YES;
				CLANG_ENABLE_OBJC_WEAK = YES;
				CLANG_WARN_BLOCK_CAPTURE_AUTORELEASING = YES;
				CLANG_WARN_BOOL_CONVERSION = YES;
				CLANG_WARN_COMMA = YES;
				CLANG_WARN_CONSTANT_CONVERSION = YES;
				CLANG_WARN_DEPRECATED_OBJC_IMPLEMENTATIONS = YES;
				CLANG_WARN_DIRECT_OBJC_ISA_USAGE = YES_ERROR;
				CLANG_WARN_DOCUMENTATION_COMMENTS = YES;
				CLANG_WARN_EMPTY_BODY = YES;
				CLANG_WARN_ENUM_CONVERSION = YES;
				CLANG_WARN_INFINITE_RECURSION = YES;
				CLANG_WARN_INT_CONVERSION = YES;
				CLANG_WARN_NON_LITERAL_NULL_CONVERSION = YES;
				CLANG_WARN_OBJC_IMPLICIT_RETAIN_SELF = YES;
				CLANG_WARN_OBJC_LITERAL_CONVERSION = YES;
				CLANG_WARN_OBJC_ROOT_CLASS = YES_ERROR;
				CLANG_WARN_RANGE_LOOP_ANALYSIS = YES;
				CLANG_WARN_STRICT_PROTOTYPES = YES;
				CLANG_WARN_SUSPICIOUS_MOVE = YES;
				CLANG_WARN_UNGUARDED_AVAILABILITY = YES_AGGRESSIVE;
				CLANG_WARN_UNREACHABLE_CODE = YES;
				CLANG_WARN__DUPLICATE_METHOD_MATCH = YES;
				CODE_SIGN_IDENTITY = "iPhone Developer";
				COPY_PHASE_STRIP = NO;
				DEBUG_INFORMATION_FORMAT = "dwarf-with-dsym";
				ENABLE_NS_ASSERTIONS = NO;
				ENABLE_STRICT_OBJC_MSGSEND = YES;
				GCC_C_LANGUAGE_STANDARD = gnu11;
				GCC_NO_COMMON_BLOCKS = YES;
				GCC_WARN_64_TO_32_BIT_CONVERSION = YES;
				GCC_WARN_ABOUT_RETURN_TYPE = YES_ERROR;
				GCC_WARN_UNDECLARED_SELECTOR = YES;
				GCC_WARN_UNINITIALIZED_AUTOS = YES_AGGRESSIVE;
				GCC_WARN_UNUSED_FUNCTION = YES;
				GCC_WARN_UNUSED_VARIABLE = YES;
				IPHONEOS_DEPLOYMENT_TARGET = 12.1;
				MTL_ENABLE_DEBUG_INFO = NO;
				MTL_FAST_MATH = YES;
				SDKROOT = iphoneos;
				SWIFT_COMPILATION_MODE = wholemodule;
				SWIFT_OPTIMIZATION_LEVEL = "-O";
				VALIDATE_PRODUCT = YES;
			};
			name = Release;
		};
		3BA7B4C322BF1C570095FAFB /* Debug */ = {
			isa = XCBuildConfiguration;
			buildSettings = {
				ASSETCATALOG_COMPILER_APPICON_NAME = AppIcon;
				CODE_SIGN_STYLE = Automatic;
				DEVELOPMENT_TEAM = 8V5GV6V7T2;
				INFOPLIST_FILE = PersonalAPP/Info.plist;
				LD_RUNPATH_SEARCH_PATHS = (
					"$(inherited)",
					"@executable_path/Frameworks",
				);
				PRODUCT_BUNDLE_IDENTIFIER = xyz.pansir.PersonalAPP;
				PRODUCT_NAME = "$(TARGET_NAME)";
				SWIFT_VERSION = 5.0;
				TARGETED_DEVICE_FAMILY = "1,2";
			};
			name = Debug;
		};
		3BA7B4C422BF1C570095FAFB /* Release */ = {
			isa = XCBuildConfiguration;
			buildSettings = {
				ASSETCATALOG_COMPILER_APPICON_NAME = AppIcon;
				CODE_SIGN_STYLE = Automatic;
				DEVELOPMENT_TEAM = 8V5GV6V7T2;
				INFOPLIST_FILE = PersonalAPP/Info.plist;
				LD_RUNPATH_SEARCH_PATHS = (
					"$(inherited)",
					"@executable_path/Frameworks",
				);
				PRODUCT_BUNDLE_IDENTIFIER = xyz.pansir.PersonalAPP;
				PRODUCT_NAME = "$(TARGET_NAME)";
				SWIFT_VERSION = 5.0;
				TARGETED_DEVICE_FAMILY = "1,2";
			};
			name = Release;
		};
		3BA7B4C622BF1C570095FAFB /* Debug */ = {
			isa = XCBuildConfiguration;
			buildSettings = {
				ALWAYS_EMBED_SWIFT_STANDARD_LIBRARIES = YES;
				BUNDLE_LOADER = "$(TEST_HOST)";
				CODE_SIGN_STYLE = Automatic;
				INFOPLIST_FILE = PersonalAPPTests/Info.plist;
				LD_RUNPATH_SEARCH_PATHS = (
					"$(inherited)",
					"@executable_path/Frameworks",
					"@loader_path/Frameworks",
				);
				PRODUCT_BUNDLE_IDENTIFIER = xyz.pansir.PersonalAPPTests;
				PRODUCT_NAME = "$(TARGET_NAME)";
				SWIFT_VERSION = 5.0;
				TARGETED_DEVICE_FAMILY = "1,2";
				TEST_HOST = "$(BUILT_PRODUCTS_DIR)/PersonalAPP.app/PersonalAPP";
			};
			name = Debug;
		};
		3BA7B4C722BF1C570095FAFB /* Release */ = {
			isa = XCBuildConfiguration;
			buildSettings = {
				ALWAYS_EMBED_SWIFT_STANDARD_LIBRARIES = YES;
				BUNDLE_LOADER = "$(TEST_HOST)";
				CODE_SIGN_STYLE = Automatic;
				INFOPLIST_FILE = PersonalAPPTests/Info.plist;
				LD_RUNPATH_SEARCH_PATHS = (
					"$(inherited)",
					"@executable_path/Frameworks",
					"@loader_path/Frameworks",
				);
				PRODUCT_BUNDLE_IDENTIFIER = xyz.pansir.PersonalAPPTests;
				PRODUCT_NAME = "$(TARGET_NAME)";
				SWIFT_VERSION = 5.0;
				TARGETED_DEVICE_FAMILY = "1,2";
				TEST_HOST = "$(BUILT_PRODUCTS_DIR)/PersonalAPP.app/PersonalAPP";
			};
			name = Release;
		};
		3BA7B4C922BF1C570095FAFB /* Debug */ = {
			isa = XCBuildConfiguration;
			buildSettings = {
				ALWAYS_EMBED_SWIFT_STANDARD_LIBRARIES = YES;
				CODE_SIGN_STYLE = Automatic;
				INFOPLIST_FILE = PersonalAPPUITests/Info.plist;
				LD_RUNPATH_SEARCH_PATHS = (
					"$(inherited)",
					"@executable_path/Frameworks",
					"@loader_path/Frameworks",
				);
				PRODUCT_BUNDLE_IDENTIFIER = xyz.pansir.PersonalAPPUITests;
				PRODUCT_NAME = "$(TARGET_NAME)";
				SWIFT_VERSION = 5.0;
				TARGETED_DEVICE_FAMILY = "1,2";
				TEST_TARGET_NAME = PersonalAPP;
			};
			name = Debug;
		};
		3BA7B4CA22BF1C570095FAFB /* Release */ = {
			isa = XCBuildConfiguration;
			buildSettings = {
				ALWAYS_EMBED_SWIFT_STANDARD_LIBRARIES = YES;
				CODE_SIGN_STYLE = Automatic;
				INFOPLIST_FILE = PersonalAPPUITests/Info.plist;
				LD_RUNPATH_SEARCH_PATHS = (
					"$(inherited)",
					"@executable_path/Frameworks",
					"@loader_path/Frameworks",
				);
				PRODUCT_BUNDLE_IDENTIFIER = xyz.pansir.PersonalAPPUITests;
				PRODUCT_NAME = "$(TARGET_NAME)";
				SWIFT_VERSION = 5.0;
				TARGETED_DEVICE_FAMILY = "1,2";
				TEST_TARGET_NAME = PersonalAPP;
			};
			name = Release;
		};
/* End XCBuildConfiguration section */

/* Begin XCConfigurationList section */
		3BA7B49522BF1C550095FAFB /* Build configuration list for PBXProject "PersonalAPP" */ = {
			isa = XCConfigurationList;
			buildConfigurations = (
				3BA7B4C022BF1C570095FAFB /* Debug */,
				3BA7B4C122BF1C570095FAFB /* Release */,
			);
			defaultConfigurationIsVisible = 0;
			defaultConfigurationName = Release;
		};
		3BA7B4C222BF1C570095FAFB /* Build configuration list for PBXNativeTarget "PersonalAPP" */ = {
			isa = XCConfigurationList;
			buildConfigurations = (
				3BA7B4C322BF1C570095FAFB /* Debug */,
				3BA7B4C422BF1C570095FAFB /* Release */,
			);
			defaultConfigurationIsVisible = 0;
			defaultConfigurationName = Release;
		};
		3BA7B4C522BF1C570095FAFB /* Build configuration list for PBXNativeTarget "PersonalAPPTests" */ = {
			isa = XCConfigurationList;
			buildConfigurations = (
				3BA7B4C622BF1C570095FAFB /* Debug */,
				3BA7B4C722BF1C570095FAFB /* Release */,
			);
			defaultConfigurationIsVisible = 0;
			defaultConfigurationName = Release;
		};
		3BA7B4C822BF1C570095FAFB /* Build configuration list for PBXNativeTarget "PersonalAPPUITests" */ = {
			isa = XCConfigurationList;
			buildConfigurations = (
				3BA7B4C922BF1C570095FAFB /* Debug */,
				3BA7B4CA22BF1C570095FAFB /* Release */,
			);
			defaultConfigurationIsVisible = 0;
			defaultConfigurationName = Release;
		};
/* End XCConfigurationList section */
	};
	rootObject = 3BA7B49222BF1C550095FAFB /* Project object */;
}
